
Microsoft Visual Studio Solution File, Format Version 12.00
# Visual Studio Version 16
VisualStudioVersion = 16.0.30225.117
MinimumVisualStudioVersion = 10.0.40219.1
Project("{FAE04EC0-301F-11D3-BF4B-00C04F79EFBC}") = "StudentsAndTeacher", "StudentsAndTeacher\StudentsAndTeacher.csproj", "{5A4DE52E-B01F-4D0D-92C1-9B67B89816A2}"
EndProject
Global
	GlobalSection(SolutionConfigurationPlatforms) = preSolution
		Debug|Any CPU = Debug|Any CPU
		Release|Any CPU = Release|Any CPU
	EndGlobalSection
	GlobalSection(ProjectConfigurationPlatforms) = postSolution
		{5A4DE52E-B01F-4D0D-92C1-9B67B89816A2}.Debug|Any CPU.ActiveCfg = Debug|Any CPU
		{5A4DE52E-B01F-4D0D-92C1-9B67B89816A2}.Debug|Any CPU.Build.0 = Debug|Any CPU
		{5A4DE52E-B01F-4D0D-92C1-9B67B89816A2}.Release|Any CPU.ActiveCfg = Release|Any CPU
		{5A4DE52E-B01F-4D0D-92C1-9B67B89816A2}.Release|Any CPU.Build.0 = Release|Any CPU
	EndGlobalSection
	GlobalSection(SolutionProperties) = preSolution
		HideSolutionNode = FALSE
	EndGlobalSection
	GlobalSection(ExtensibilityGlobals) = postSolution
		SolutionGuid = {D891F423-CF82-46ED-8AD2-CF6A404F5191}
	EndGlobalSection
EndGlobal
